// !$*UTF8*$!
{
	archiveVersion = 1;
	classes = {
	};
	objectVersion = 56;
	objects = {

/* Begin PBXBuildFile section */
		B8107B552CBA588E00C3F3BF /* AppDelegate.swift in Sources */ = {isa = PBXBuildFile; fileRef = B8107B542CBA588E00C3F3BF /* AppDelegate.swift */; };
		B8107B572CBA588E00C3F3BF /* SceneDelegate.swift in Sources */ = {isa = PBXBuildFile; fileRef = B8107B562CBA588E00C3F3BF /* SceneDelegate.swift */; };
		B8107B592CBA588E00C3F3BF /* ViewController.swift in Sources */ = {isa = PBXBuildFile; fileRef = B8107B582CBA588E00C3F3BF /* ViewController.swift */; };
		B8107B5C2CBA588E00C3F3BF /* Base in Resources */ = {isa = PBXBuildFile; fileRef = B8107B5B2CBA588E00C3F3BF /* Base */; };
		B8107B5E2CBA589000C3F3BF /* Assets.xcassets in Resources */ = {isa = PBXBuildFile; fileRef = B8107B5D2CBA589000C3F3BF /* Assets.xcassets */; };
		B8107B612CBA589000C3F3BF /* Base in Resources */ = {isa = PBXBuildFile; fileRef = B8107B602CBA589000C3F3BF /* Base */; };
		B8107B6A2CBA58AF00C3F3BF /* Country.swift in Sources */ = {isa = PBXBuildFile; fileRef = B8107B692CBA58AF00C3F3BF /* Country.swift */; };
		B8107B6C2CBA590300C3F3BF /* Continent.swift in Sources */ = {isa = PBXBuildFile; fileRef = B8107B6B2CBA590300C3F3BF /* Continent.swift */; };
		B8107B6E2CBA593B00C3F3BF /* Question.swift in Sources */ = {isa = PBXBuildFile; fileRef = B8107B6D2CBA593B00C3F3BF /* Question.swift */; };
		B8BE1D782CBC620D004509DC /* FlagViewController.swift in Sources */ = {isa = PBXBuildFile; fileRef = B8BE1D772CBC620D004509DC /* FlagViewController.swift */; };
/* End PBXBuildFile section */

/* Begin PBXFileReference section */
		B8107B512CBA588E00C3F3BF /* GuessTheFlag2.app */ = {isa = PBXFileReference; explicitFileType = wrapper.application; includeInIndex = 0; path = GuessTheFlag2.app; sourceTree = BUILT_PRODUCTS_DIR; };
		B8107B542CBA588E00C3F3BF /* AppDelegate.swift */ = {isa = PBXFileReference; lastKnownFileType = sourcecode.swift; path = AppDelegate.swift; sourceTree = "<group>"; };
		B8107B562CBA588E00C3F3BF /* SceneDelegate.swift */ = {isa = PBXFileReference; lastKnownFileType = sourcecode.swift; path = SceneDelegate.swift; sourceTree = "<group>"; };
		B8107B582CBA588E00C3F3BF /* ViewController.swift */ = {isa = PBXFileReference; lastKnownFileType = sourcecode.swift; path = ViewController.swift; sourceTree = "<group>"; };
		B8107B5B2CBA588E00C3F3BF /* Base */ = {isa = PBXFileReference; lastKnownFileType = file.storyboard; name = Base; path = Base.lproj/Main.storyboard; sourceTree = "<group>"; };
		B8107B5D2CBA589000C3F3BF /* Assets.xcassets */ = {isa = PBXFileReference; lastKnownFileType = folder.assetcatalog; path = Assets.xcassets; sourceTree = "<group>"; };
		B8107B602CBA589000C3F3BF /* Base */ = {isa = PBXFileReference; lastKnownFileType = file.storyboard; name = Base; path = Base.lproj/LaunchScreen.storyboard; sourceTree = "<group>"; };
		B8107B622CBA589000C3F3BF /* Info.plist */ = {isa = PBXFileReference; lastKnownFileType = text.plist.xml; path = Info.plist; sourceTree = "<group>"; };
		B8107B692CBA58AF00C3F3BF /* Country.swift */ = {isa = PBXFileReference; lastKnownFileType = sourcecode.swift; path = Country.swift; sourceTree = "<group>"; };
		B8107B6B2CBA590300C3F3BF /* Continent.swift */ = {isa = PBXFileReference; lastKnownFileType = sourcecode.swift; path = Continent.swift; sourceTree = "<group>"; };
		B8107B6D2CBA593B00C3F3BF /* Question.swift */ = {isa = PBXFileReference; lastKnownFileType = sourcecode.swift; path = Question.swift; sourceTree = "<group>"; };
		B8BE1D772CBC620D004509DC /* FlagViewController.swift */ = {isa = PBXFileReference; lastKnownFileType = sourcecode.swift; path = FlagViewController.swift; sourceTree = "<group>"; };
/* End PBXFileReference section */

/* Begin PBXFrameworksBuildPhase section */
		B8107B4E2CBA588E00C3F3BF /* Frameworks */ = {
			isa = PBXFrameworksBuildPhase;
			buildActionMask = 2147483647;
			files = (
			);
			runOnlyForDeploymentPostprocessing = 0;
		};
/* End PBXFrameworksBuildPhase section */

/* Begin PBXGroup section */
		B8107B482CBA588E00C3F3BF = {
			isa = PBXGroup;
			children = (
				B8107B532CBA588E00C3F3BF /* GuessTheFlag2 */,
				B8107B522CBA588E00C3F3BF /* Products */,
			);
			sourceTree = "<group>";
		};
		B8107B522CBA588E00C3F3BF /* Products */ = {
			isa = PBXGroup;
			children = (
				B8107B512CBA588E00C3F3BF /* GuessTheFlag2.app */,
			);
			name = Products;
			sourceTree = "<group>";
		};
		B8107B532CBA588E00C3F3BF /* GuessTheFlag2 */ = {
			isa = PBXGroup;
			children = (
				B8107B682CBA589A00C3F3BF /* Model */,
				B8107B542CBA588E00C3F3BF /* AppDelegate.swift */,
				B8107B562CBA588E00C3F3BF /* SceneDelegate.swift */,
				B8BE1D772CBC620D004509DC /* FlagViewController.swift */,
				B8107B582CBA588E00C3F3BF /* ViewController.swift */,
				B8107B5A2CBA588E00C3F3BF /* Main.storyboard */,
				B8107B5D2CBA589000C3F3BF /* Assets.xcassets */,
				B8107B5F2CBA589000C3F3BF /* LaunchScreen.storyboard */,
				B8107B622CBA589000C3F3BF /* Info.plist */,
			);
			path = GuessTheFlag2;
			sourceTree = "<group>";
		};
		B8107B682CBA589A00C3F3BF /* Model */ = {
			isa = PBXGroup;
			children = (
				B8107B692CBA58AF00C3F3BF /* Country.swift */,
				B8107B6B2CBA590300C3F3BF /* Continent.swift */,
				B8107B6D2CBA593B00C3F3BF /* Question.swift */,
			);
			path = Model;
			sourceTree = "<group>";
		};
/* End PBXGroup section */

/* Begin PBXNativeTarget section */
		B8107B502CBA588E00C3F3BF /* GuessTheFlag2 */ = {
			isa = PBXNativeTarget;
			buildConfigurationList = B8107B652CBA589000C3F3BF /* Build configuration list for PBXNativeTarget "GuessTheFlag2" */;
			buildPhases = (
				B8107B4D2CBA588E00C3F3BF /* Sources */,
				B8107B4E2CBA588E00C3F3BF /* Frameworks */,
				B8107B4F2CBA588E00C3F3BF /* Resources */,
			);
			buildRules = (
			);
			dependencies = (
			);
			name = GuessTheFlag2;
			productName = GuessTheFlag2;
			productReference = B8107B512CBA588E00C3F3BF /* GuessTheFlag2.app */;
			productType = "com.apple.product-type.application";
		};
/* End PBXNativeTarget section */

/* Begin PBXProject section */
		B8107B492CBA588E00C3F3BF /* Project object */ = {
			isa = PBXProject;
			attributes = {
				BuildIndependentTargetsInParallel = 1;
				LastSwiftUpdateCheck = 1540;
				LastUpgradeCheck = 1540;
				TargetAttributes = {
					B8107B502CBA588E00C3F3BF = {
						CreatedOnToolsVersion = 15.4;
					};
				};
			};
			buildConfigurationList = B8107B4C2CBA588E00C3F3BF /* Build configuration list for PBXProject "GuessTheFlag2" */;
			compatibilityVersion = "Xcode 14.0";
			developmentRegion = en;
			hasScannedForEncodings = 0;
			knownRegions = (
				en,
				Base,
			);
			mainGroup = B8107B482CBA588E00C3F3BF;
			productRefGroup = B8107B522CBA588E00C3F3BF /* Products */;
			projectDirPath = "";
			projectRoot = "";
			targets = (
				B8107B502CBA588E00C3F3BF /* GuessTheFlag2 */,
			);
		};
/* End PBXProject section */

/* Begin PBXResourcesBuildPhase section */
		B8107B4F2CBA588E00C3F3BF /* Resources */ = {
			isa = PBXResourcesBuildPhase;
			buildActionMask = 2147483647;
			files = (
				B8107B5E2CBA589000C3F3BF /* Assets.xcassets in Resources */,
				B8107B612CBA589000C3F3BF /* Base in Resources */,
				B8107B5C2CBA588E00C3F3BF /* Base in Resources */,
			);
			runOnlyForDeploymentPostprocessing = 0;
		};
/* End PBXResourcesBuildPhase section */

/* Begin PBXSourcesBuildPhase section */
		B8107B4D2CBA588E00C3F3BF /* Sources */ = {
			isa = PBXSourcesBuildPhase;
			buildActionMask = 2147483647;
			files = (
				B8107B6A2CBA58AF00C3F3BF /* Country.swift in Sources */,
				B8107B6C2CBA590300C3F3BF /* Continent.swift in Sources */,
				B8107B592CBA588E00C3F3BF /* ViewController.swift in Sources */,
				B8107B6E2CBA593B00C3F3BF /* Question.swift in Sources */,
				B8BE1D782CBC620D004509DC /* FlagViewController.swift in Sources */,
				B8107B552CBA588E00C3F3BF /* AppDelegate.swift in Sources */,
				B8107B572CBA588E00C3F3BF /* SceneDelegate.swift in Sources */,
			);
			runOnlyForDeploymentPostprocessing = 0;
		};
/* End PBXSourcesBuildPhase section */

/* Begin PBXVariantGroup section */
		B8107B5A2CBA588E00C3F3BF /* Main.storyboard */ = {
			isa = PBXVariantGroup;
			children = (
				B8107B5B2CBA588E00C3F3BF /* Base */,
			);
			name = Main.storyboard;
			sourceTree = "<group>";
		};
		B8107B5F2CBA589000C3F3BF /* LaunchScreen.storyboard */ = {
			isa = PBXVariantGroup;
			children = (
				B8107B602CBA589000C3F3BF /* Base */,
			);
			name = LaunchScreen.storyboard;
			sourceTree = "<group>";
		};
/* End PBXVariantGroup section */

/* Begin XCBuildConfiguration section */
		B8107B632CBA589000C3F3BF /* Debug */ = {
			isa = XCBuildConfiguration;
			buildSettings = {
				ALWAYS_SEARCH_USER_PATHS = NO;
				ASSETCATALOG_COMPILER_GENERATE_SWIFT_ASSET_SYMBOL_EXTENSIONS = YES;
				CLANG_ANALYZER_NONNULL = YES;
				CLANG_ANALYZER_NUMBER_OBJECT_CONVERSION = YES_AGGRESSIVE;
				CLANG_CXX_LANGUAGE_STANDARD = "gnu++20";
				CLANG_ENABLE_MODULES = YES;
				CLANG_ENABLE_OBJC_ARC = YES;
				CLANG_ENABLE_OBJC_WEAK = YES;
				CLANG_WARN_BLOCK_CAPTURE_AUTORELEASING = YES;
				CLANG_WARN_BOOL_CONVERSION = YES;
				CLANG_WARN_COMMA = YES;
				CLANG_WARN_CONSTANT_CONVERSION = YES;
				CLANG_WARN_DEPRECATED_OBJC_IMPLEMENTATIONS = YES;
				CLANG_WARN_DIRECT_OBJC_ISA_USAGE = YES_ERROR;
				CLANG_WARN_DOCUMENTATION_COMMENTS = YES;
				CLANG_WARN_EMPTY_BODY = YES;
				CLANG_WARN_ENUM_CONVERSION = YES;
				CLANG_WARN_INFINITE_RECURSION = YES;
				CLANG_WARN_INT_CONVERSION = YES;
				CLANG_WARN_NON_LITERAL_NULL_CONVERSION = YES;
				CLANG_WARN_OBJC_IMPLICIT_RETAIN_SELF = YES;
				CLANG_WARN_OBJC_LITERAL_CONVERSION = YES;
				CLANG_WARN_OBJC_ROOT_CLASS = YES_ERROR;
				CLANG_WARN_QUOTED_INCLUDE_IN_FRAMEWORK_HEADER = YES;
				CLANG_WARN_RANGE_LOOP_ANALYSIS = YES;
				CLANG_WARN_STRICT_PROTOTYPES = YES;
				CLANG_WARN_SUSPICIOUS_MOVE = YES;
				CLANG_WARN_UNGUARDED_AVAILABILITY = YES_AGGRESSIVE;
				CLANG_WARN_UNREACHABLE_CODE = YES;
				CLANG_WARN__DUPLICATE_METHOD_MATCH = YES;
				COPY_PHASE_STRIP = NO;
				DEBUG_INFORMATION_FORMAT = dwarf;
				ENABLE_STRICT_OBJC_MSGSEND = YES;
				ENABLE_TESTABILITY = YES;
				ENABLE_USER_SCRIPT_SANDBOXING = YES;
				GCC_C_LANGUAGE_STANDARD = gnu17;
				GCC_DYNAMIC_NO_PIC = NO;
				GCC_NO_COMMON_BLOCKS = YES;
				GCC_OPTIMIZATION_LEVEL = 0;
				GCC_PREPROCESSOR_DEFINITIONS = (
					"DEBUG=1",
					"$(inherited)",
				);
				GCC_WARN_64_TO_32_BIT_CONVERSION = YES;
				GCC_WARN_ABOUT_RETURN_TYPE = YES_ERROR;
				GCC_WARN_UNDECLARED_SELECTOR = YES;
				GCC_WARN_UNINITIALIZED_AUTOS = YES_AGGRESSIVE;
				GCC_WARN_UNUSED_FUNCTION = YES;
				GCC_WARN_UNUSED_VARIABLE = YES;
				IPHONEOS_DEPLOYMENT_TARGET = 17.5;
				LOCALIZATION_PREFERS_STRING_CATALOGS = YES;
				MTL_ENABLE_DEBUG_INFO = INCLUDE_SOURCE;
				MTL_FAST_MATH = YES;
				ONLY_ACTIVE_ARCH = YES;
				SDKROOT = iphoneos;
				SWIFT_ACTIVE_COMPILATION_CONDITIONS = "DEBUG $(inherited)";
				SWIFT_OPTIMIZATION_LEVEL = "-Onone";
			};
			name = Debug;
		};
		B8107B642CBA589000C3F3BF /* Release */ = {
			isa = XCBuildConfiguration;
			buildSettings = {
				ALWAYS_SEARCH_USER_PATHS = NO;
				ASSETCATALOG_COMPILER_GENERATE_SWIFT_ASSET_SYMBOL_EXTENSIONS = YES;
				CLANG_ANALYZER_NONNULL = YES;
				CLANG_ANALYZER_NUMBER_OBJECT_CONVERSION = YES_AGGRESSIVE;
				CLANG_CXX_LANGUAGE_STANDARD = "gnu++20";
				CLANG_ENABLE_MODULES = YES;
				CLANG_ENABLE_OBJC_ARC = YES;
				CLANG_ENABLE_OBJC_WEAK = YES;
				CLANG_WARN_BLOCK_CAPTURE_AUTORELEASING = YES;
				CLANG_WARN_BOOL_CONVERSION = YES;
				CLANG_WARN_COMMA = YES;
				CLANG_WARN_CONSTANT_CONVERSION = YES;
				CLANG_WARN_DEPRECATED_OBJC_IMPLEMENTATIONS = YES;
				CLANG_WARN_DIRECT_OBJC_ISA_USAGE = YES_ERROR;
				CLANG_WARN_DOCUMENTATION_COMMENTS = YES;
				CLANG_WARN_EMPTY_BODY = YES;
				CLANG_WARN_ENUM_CONVERSION = YES;
				CLANG_WARN_INFINITE_RECURSION = YES;
				CLANG_WARN_INT_CONVERSION = YES;
				CLANG_WARN_NON_LITERAL_NULL_CONVERSION = YES;
				CLANG_WARN_OBJC_IMPLICIT_RETAIN_SELF = YES;
				CLANG_WARN_OBJC_LITERAL_CONVERSION = YES;
				CLANG_WARN_OBJC_ROOT_CLASS = YES_ERROR;
				CLANG_WARN_QUOTED_INCLUDE_IN_FRAMEWORK_HEADER = YES;
				CLANG_WARN_RANGE_LOOP_ANALYSIS = YES;
				CLANG_WARN_STRICT_PROTOTYPES = YES;
				CLANG_WARN_SUSPICIOUS_MOVE = YES;
				CLANG_WARN_UNGUARDED_AVAILABILITY = YES_AGGRESSIVE;
				CLANG_WARN_UNREACHABLE_CODE = YES;
				CLANG_WARN__DUPLICATE_METHOD_MATCH = YES;
				COPY_PHASE_STRIP = NO;
				DEBUG_INFORMATION_FORMAT = "dwarf-with-dsym";
				ENABLE_NS_ASSERTIONS = NO;
				ENABLE_STRICT_OBJC_MSGSEND = YES;
				ENABLE_USER_SCRIPT_SANDBOXING = YES;
				GCC_C_LANGUAGE_STANDARD = gnu17;
				GCC_NO_COMMON_BLOCKS = YES;
				GCC_WARN_64_TO_32_BIT_CONVERSION = YES;
				GCC_WARN_ABOUT_RETURN_TYPE = YES_ERROR;
				GCC_WARN_UNDECLARED_SELECTOR = YES;
				GCC_WARN_UNINITIALIZED_AUTOS = YES_AGGRESSIVE;
				GCC_WARN_UNUSED_FUNCTION = YES;
				GCC_WARN_UNUSED_VARIABLE = YES;
				IPHONEOS_DEPLOYMENT_TARGET = 17.5;
				LOCALIZATION_PREFERS_STRING_CATALOGS = YES;
				MTL_ENABLE_DEBUG_INFO = NO;
				MTL_FAST_MATH = YES;
				SDKROOT = iphoneos;
				SWIFT_COMPILATION_MODE = wholemodule;
				VALIDATE_PRODUCT = YES;
			};
			name = Release;
		};
		B8107B662CBA589000C3F3BF /* Debug */ = {
			isa = XCBuildConfiguration;
			buildSettings = {
				ASSETCATALOG_COMPILER_APPICON_NAME = AppIcon;
				ASSETCATALOG_COMPILER_GLOBAL_ACCENT_COLOR_NAME = AccentColor;
				CODE_SIGN_STYLE = Automatic;
				CURRENT_PROJECT_VERSION = 1;
				GENERATE_INFOPLIST_FILE = YES;
				INFOPLIST_FILE = GuessTheFlag2/Info.plist;
				INFOPLIST_KEY_UIApplicationSupportsIndirectInputEvents = YES;
				INFOPLIST_KEY_UILaunchStoryboardName = LaunchScreen;
				INFOPLIST_KEY_UIMainStoryboardFile = Main;
				INFOPLIST_KEY_UISupportedInterfaceOrientations_iPad = "UIInterfaceOrientationPortrait UIInterfaceOrientationPortraitUpsideDown UIInterfaceOrientationLandscapeLeft UIInterfaceOrientationLandscapeRight";
				INFOPLIST_KEY_UISupportedInterfaceOrientations_iPhone = "UIInterfaceOrientationPortrait UIInterfaceOrientationLandscapeLeft UIInterfaceOrientationLandscapeRight";
				LD_RUNPATH_SEARCH_PATHS = (
					"$(inherited)",
					"@executable_path/Frameworks",
				);
				MARKETING_VERSION = 1.0;
				PRODUCT_BUNDLE_IDENTIFIER = io.Assel.GuessTheFlag2;
				PRODUCT_NAME = "$(TARGET_NAME)";
				SWIFT_EMIT_LOC_STRINGS = YES;
				SWIFT_VERSION = 5.0;
				TARGETED_DEVICE_FAMILY = "1,2";
			};
			name = Debug;
		};
		B8107B672CBA589000C3F3BF /* Release */ = {
			isa = XCBuildConfiguration;
			buildSettings = {
				ASSETCATALOG_COMPILER_APPICON_NAME = AppIcon;
				ASSETCATALOG_COMPILER_GLOBAL_ACCENT_COLOR_NAME = AccentColor;
				CODE_SIGN_STYLE = Automatic;
				CURRENT_PROJECT_VERSION = 1;
				GENERATE_INFOPLIST_FILE = YES;
				INFOPLIST_FILE = GuessTheFlag2/Info.plist;
				INFOPLIST_KEY_UIApplicationSupportsIndirectInputEvents = YES;
				INFOPLIST_KEY_UILaunchStoryboardName = LaunchScreen;
				INFOPLIST_KEY_UIMainStoryboardFile = Main;
				INFOPLIST_KEY_UISupportedInterfaceOrientations_iPad = "UIInterfaceOrientationPortrait UIInterfaceOrientationPortraitUpsideDown UIInterfaceOrientationLandscapeLeft UIInterfaceOrientationLandscapeRight";
				INFOPLIST_KEY_UISupportedInterfaceOrientations_iPhone = "UIInterfaceOrientationPortrait UIInterfaceOrientationLandscapeLeft UIInterfaceOrientationLandscapeRight";
				LD_RUNPATH_SEARCH_PATHS = (
					"$(inherited)",
					"@executable_path/Frameworks",
				);
				MARKETING_VERSION = 1.0;
				PRODUCT_BUNDLE_IDENTIFIER = io.Assel.GuessTheFlag2;
				PRODUCT_NAME = "$(TARGET_NAME)";
				SWIFT_EMIT_LOC_STRINGS = YES;
				SWIFT_VERSION = 5.0;
				TARGETED_DEVICE_FAMILY = "1,2";
			};
			name = Release;
		};
/* End XCBuildConfiguration section */

/* Begin XCConfigurationList section */
		B8107B4C2CBA588E00C3F3BF /* Build configuration list for PBXProject "GuessTheFlag2" */ = {
			isa = XCConfigurationList;
			buildConfigurations = (
				B8107B632CBA589000C3F3BF /* Debug */,
				B8107B642CBA589000C3F3BF /* Release */,
			);
			defaultConfigurationIsVisible = 0;
			defaultConfigurationName = Release;
		};
		B8107B652CBA589000C3F3BF /* Build configuration list for PBXNativeTarget "GuessTheFlag2" */ = {
			isa = XCConfigurationList;
			buildConfigurations = (
				B8107B662CBA589000C3F3BF /* Debug */,
				B8107B672CBA589000C3F3BF /* Release */,
			);
			defaultConfigurationIsVisible = 0;
			defaultConfigurationName = Release;
		};
/* End XCConfigurationList section */
	};
	rootObject = B8107B492CBA588E00C3F3BF /* Project object */;
}
